
Microsoft Visual Studio Solution File, Format Version 12.00
# Visual Studio 15
VisualStudioVersion = 15.0.33026.149
MinimumVisualStudioVersion = 10.0.40219.1
Project("{FAE04EC0-301F-11D3-BF4B-00C04F79EFBC}") = "ExpresionLambda", "ExpresionLambda\ExpresionLambda.csproj", "{747D58C7-BCE9-48BF-89AB-D4DFB63F2F1E}"
EndProject
Global
	GlobalSection(SolutionConfigurationPlatforms) = preSolution
		Debug|Any CPU = Debug|Any CPU
		Release|Any CPU = Release|Any CPU
	EndGlobalSection
	GlobalSection(ProjectConfigurationPlatforms) = postSolution
		{747D58C7-BCE9-48BF-89AB-D4DFB63F2F1E}.Debug|Any CPU.ActiveCfg = Debug|Any CPU
		{747D58C7-BCE9-48BF-89AB-D4DFB63F2F1E}.Debug|Any CPU.Build.0 = Debug|Any CPU
		{747D58C7-BCE9-48BF-89AB-D4DFB63F2F1E}.Release|Any CPU.ActiveCfg = Release|Any CPU
		{747D58C7-BCE9-48BF-89AB-D4DFB63F2F1E}.Release|Any CPU.Build.0 = Release|Any CPU
	EndGlobalSection
	GlobalSection(SolutionProperties) = preSolution
		HideSolutionNode = FALSE
	EndGlobalSection
	GlobalSection(ExtensibilityGlobals) = postSolution
		SolutionGuid = {BE7BB8BB-6763-448B-BB14-D2F0873AB087}
	EndGlobalSection
EndGlobal
